
Microsoft Visual Studio Solution File, Format Version 12.00
# Visual Studio Version 17
VisualStudioVersion = 17.8.34408.163
MinimumVisualStudioVersion = 10.0.40219.1
Project("{2150E333-8FDC-42A3-9474-1A3956D46DE8}") = "ShopManagement", "ShopManagement", "{9C551EC6-3FBC-4144-9D8E-D7C8AE16B33A}"
EndProject
Project("{2150E333-8FDC-42A3-9474-1A3956D46DE8}") = "SM.Domain", "SM.Domain", "{C58356FF-E157-4F39-9E50-2AC8F42EF35E}"
EndProject
Project("{9A19103F-16F7-4668-BE54-9A1E7A4F7556}") = "ShopManagement.Domain", "ShopManagement.Domain\ShopManagement.Domain.csproj", "{21DFFA1B-7C93-4708-9C60-BA919378C0F9}"
EndProject
Project("{9A19103F-16F7-4668-BE54-9A1E7A4F7556}") = "0_Framework", "0-Framework\0_Framework.csproj", "{917DE4C3-CB77-4548-9508-2632434DF87D}"
EndProject
Project("{2150E333-8FDC-42A3-9474-1A3956D46DE8}") = "SM.Application", "SM.Application", "{BB4E3CEB-C2AF-4047-92F5-D17722C849F0}"
EndProject
Project("{9A19103F-16F7-4668-BE54-9A1E7A4F7556}") = "ShopManagement.ApplicationContract", "ShopManagement.ApplicationContract\ShopManagement.ApplicationContract.csproj", "{68E4B38F-6815-4199-A6A5-0638572A9131}"
EndProject
Project("{9A19103F-16F7-4668-BE54-9A1E7A4F7556}") = "ShopManagement.Application", "ShopManagement.Application\ShopManagement.Application.csproj", "{C6389DE1-0C06-4535-A3D6-C71B86919557}"
EndProject
Project("{2150E333-8FDC-42A3-9474-1A3956D46DE8}") = "SM.Infrastructure", "SM.Infrastructure", "{14CDEC1E-C7A0-4197-A741-28D207D1712F}"
EndProject
Project("{9A19103F-16F7-4668-BE54-9A1E7A4F7556}") = "ShopManagement.Infrastracture.EFCore", "ShopManagement.Infrastracture.EFCore\ShopManagement.Infrastracture.EFCore.csproj", "{57B5EC84-BDEB-44D9-A708-D3F6BA25950B}"
EndProject
Project("{9A19103F-16F7-4668-BE54-9A1E7A4F7556}") = "ShopManagement.Configuration", "ShopManagement.Configuration\ShopManagement.Configuration.csproj", "{025EE407-8B1B-4ACD-86F9-0CA6FDC4CC75}"
EndProject
Project("{9A19103F-16F7-4668-BE54-9A1E7A4F7556}") = "ServiceHost", "ServiceHost\ServiceHost.csproj", "{06BF7B92-A3C8-4D2D-8CE0-E63C5045BBEA}"
EndProject
Project("{9A19103F-16F7-4668-BE54-9A1E7A4F7556}") = "01_ShopQuery", "01_ShopQuery\01_ShopQuery.csproj", "{C09FF08B-137F-40A3-A204-1BFA0DED5048}"
EndProject
Project("{2150E333-8FDC-42A3-9474-1A3956D46DE8}") = "DiscountMangement", "DiscountMangement", "{62A10A85-C6F8-4E80-A931-4E30F38CEE54}"
EndProject
Project("{2150E333-8FDC-42A3-9474-1A3956D46DE8}") = "DM.Application", "DM.Application", "{90CE36B7-6BC9-4B5C-9B91-63186D017319}"
EndProject
Project("{2150E333-8FDC-42A3-9474-1A3956D46DE8}") = "DM.Domain", "DM.Domain", "{C97D9D7F-F1E5-43DD-B791-49999398FE83}"
EndProject
Project("{FAE04EC0-301F-11D3-BF4B-00C04F79EFBC}") = "DiscountManagement.Domain", "DiscountManagement.Domain\DiscountManagement.Domain.csproj", "{318A2494-B544-4290-9ED7-466C5E57DB6C}"
EndProject
Project("{FAE04EC0-301F-11D3-BF4B-00C04F79EFBC}") = "DiscountManagement.Application.Contract", "DiscountManagement.Application.Contract\DiscountManagement.Application.Contract.csproj", "{733FBC91-E318-466B-95F0-5C5402550A74}"
EndProject
Project("{2150E333-8FDC-42A3-9474-1A3956D46DE8}") = "DM.Infrastracture", "DM.Infrastracture", "{CE5E379C-9A8E-4C4A-B219-F605E4C0542E}"
EndProject
Project("{FAE04EC0-301F-11D3-BF4B-00C04F79EFBC}") = "DiscountManagement.Infrastructure.EFCore", "DiscountManagement.Infrastructure.EFCore\DiscountManagement.Infrastructure.EFCore.csproj", "{854FF212-4672-4BFB-85D0-0229F03D3F27}"
EndProject
Project("{FAE04EC0-301F-11D3-BF4B-00C04F79EFBC}") = "DiscountManagement.configuration", "DiscountManagement.configuration\DiscountManagement.configuration.csproj", "{98616189-4984-4FE0-B4CB-E3B08CE9A098}"
EndProject
Project("{FAE04EC0-301F-11D3-BF4B-00C04F79EFBC}") = "CustomerDiscount.Application", "CustomerDiscount.Application\CustomerDiscount.Application.csproj", "{F6816507-04D2-4F77-BCB5-7B2FC26CF520}"
EndProject
Global
	GlobalSection(SolutionConfigurationPlatforms) = preSolution
		Debug|Any CPU = Debug|Any CPU
		Release|Any CPU = Release|Any CPU
	EndGlobalSection
	GlobalSection(ProjectConfigurationPlatforms) = postSolution
		{21DFFA1B-7C93-4708-9C60-BA919378C0F9}.Debug|Any CPU.ActiveCfg = Debug|Any CPU
		{21DFFA1B-7C93-4708-9C60-BA919378C0F9}.Debug|Any CPU.Build.0 = Debug|Any CPU
		{21DFFA1B-7C93-4708-9C60-BA919378C0F9}.Release|Any CPU.ActiveCfg = Release|Any CPU
		{21DFFA1B-7C93-4708-9C60-BA919378C0F9}.Release|Any CPU.Build.0 = Release|Any CPU
		{917DE4C3-CB77-4548-9508-2632434DF87D}.Debug|Any CPU.ActiveCfg = Debug|Any CPU
		{917DE4C3-CB77-4548-9508-2632434DF87D}.Debug|Any CPU.Build.0 = Debug|Any CPU
		{917DE4C3-CB77-4548-9508-2632434DF87D}.Release|Any CPU.ActiveCfg = Release|Any CPU
		{917DE4C3-CB77-4548-9508-2632434DF87D}.Release|Any CPU.Build.0 = Release|Any CPU
		{68E4B38F-6815-4199-A6A5-0638572A9131}.Debug|Any CPU.ActiveCfg = Debug|Any CPU
		{68E4B38F-6815-4199-A6A5-0638572A9131}.Debug|Any CPU.Build.0 = Debug|Any CPU
		{68E4B38F-6815-4199-A6A5-0638572A9131}.Release|Any CPU.ActiveCfg = Release|Any CPU
		{68E4B38F-6815-4199-A6A5-0638572A9131}.Release|Any CPU.Build.0 = Release|Any CPU
		{C6389DE1-0C06-4535-A3D6-C71B86919557}.Debug|Any CPU.ActiveCfg = Debug|Any CPU
		{C6389DE1-0C06-4535-A3D6-C71B86919557}.Debug|Any CPU.Build.0 = Debug|Any CPU
		{C6389DE1-0C06-4535-A3D6-C71B86919557}.Release|Any CPU.ActiveCfg = Release|Any CPU
		{C6389DE1-0C06-4535-A3D6-C71B86919557}.Release|Any CPU.Build.0 = Release|Any CPU
		{57B5EC84-BDEB-44D9-A708-D3F6BA25950B}.Debug|Any CPU.ActiveCfg = Debug|Any CPU
		{57B5EC84-BDEB-44D9-A708-D3F6BA25950B}.Debug|Any CPU.Build.0 = Debug|Any CPU
		{57B5EC84-BDEB-44D9-A708-D3F6BA25950B}.Release|Any CPU.ActiveCfg = Release|Any CPU
		{57B5EC84-BDEB-44D9-A708-D3F6BA25950B}.Release|Any CPU.Build.0 = Release|Any CPU
		{025EE407-8B1B-4ACD-86F9-0CA6FDC4CC75}.Debug|Any CPU.ActiveCfg = Debug|Any CPU
		{025EE407-8B1B-4ACD-86F9-0CA6FDC4CC75}.Debug|Any CPU.Build.0 = Debug|Any CPU
		{025EE407-8B1B-4ACD-86F9-0CA6FDC4CC75}.Release|Any CPU.ActiveCfg = Release|Any CPU
		{025EE407-8B1B-4ACD-86F9-0CA6FDC4CC75}.Release|Any CPU.Build.0 = Release|Any CPU
		{06BF7B92-A3C8-4D2D-8CE0-E63C5045BBEA}.Debug|Any CPU.ActiveCfg = Debug|Any CPU
		{06BF7B92-A3C8-4D2D-8CE0-E63C5045BBEA}.Debug|Any CPU.Build.0 = Debug|Any CPU
		{06BF7B92-A3C8-4D2D-8CE0-E63C5045BBEA}.Release|Any CPU.ActiveCfg = Release|Any CPU
		{06BF7B92-A3C8-4D2D-8CE0-E63C5045BBEA}.Release|Any CPU.Build.0 = Release|Any CPU
		{C09FF08B-137F-40A3-A204-1BFA0DED5048}.Debug|Any CPU.ActiveCfg = Debug|Any CPU
		{C09FF08B-137F-40A3-A204-1BFA0DED5048}.Debug|Any CPU.Build.0 = Debug|Any CPU
		{C09FF08B-137F-40A3-A204-1BFA0DED5048}.Release|Any CPU.ActiveCfg = Release|Any CPU
		{C09FF08B-137F-40A3-A204-1BFA0DED5048}.Release|Any CPU.Build.0 = Release|Any CPU
		{318A2494-B544-4290-9ED7-466C5E57DB6C}.Debug|Any CPU.ActiveCfg = Debug|Any CPU
		{318A2494-B544-4290-9ED7-466C5E57DB6C}.Debug|Any CPU.Build.0 = Debug|Any CPU
		{318A2494-B544-4290-9ED7-466C5E57DB6C}.Release|Any CPU.ActiveCfg = Release|Any CPU
		{318A2494-B544-4290-9ED7-466C5E57DB6C}.Release|Any CPU.Build.0 = Release|Any CPU
		{733FBC91-E318-466B-95F0-5C5402550A74}.Debug|Any CPU.ActiveCfg = Debug|Any CPU
		{733FBC91-E318-466B-95F0-5C5402550A74}.Debug|Any CPU.Build.0 = Debug|Any CPU
		{733FBC91-E318-466B-95F0-5C5402550A74}.Release|Any CPU.ActiveCfg = Release|Any CPU
		{733FBC91-E318-466B-95F0-5C5402550A74}.Release|Any CPU.Build.0 = Release|Any CPU
		{854FF212-4672-4BFB-85D0-0229F03D3F27}.Debug|Any CPU.ActiveCfg = Debug|Any CPU
		{854FF212-4672-4BFB-85D0-0229F03D3F27}.Debug|Any CPU.Build.0 = Debug|Any CPU
		{854FF212-4672-4BFB-85D0-0229F03D3F27}.Release|Any CPU.ActiveCfg = Release|Any CPU
		{854FF212-4672-4BFB-85D0-0229F03D3F27}.Release|Any CPU.Build.0 = Release|Any CPU
		{98616189-4984-4FE0-B4CB-E3B08CE9A098}.Debug|Any CPU.ActiveCfg = Debug|Any CPU
		{98616189-4984-4FE0-B4CB-E3B08CE9A098}.Debug|Any CPU.Build.0 = Debug|Any CPU
		{98616189-4984-4FE0-B4CB-E3B08CE9A098}.Release|Any CPU.ActiveCfg = Release|Any CPU
		{98616189-4984-4FE0-B4CB-E3B08CE9A098}.Release|Any CPU.Build.0 = Release|Any CPU
		{F6816507-04D2-4F77-BCB5-7B2FC26CF520}.Debug|Any CPU.ActiveCfg = Debug|Any CPU
		{F6816507-04D2-4F77-BCB5-7B2FC26CF520}.Debug|Any CPU.Build.0 = Debug|Any CPU
		{F6816507-04D2-4F77-BCB5-7B2FC26CF520}.Release|Any CPU.ActiveCfg = Release|Any CPU
		{F6816507-04D2-4F77-BCB5-7B2FC26CF520}.Release|Any CPU.Build.0 = Release|Any CPU
	EndGlobalSection
	GlobalSection(SolutionProperties) = preSolution
		HideSolutionNode = FALSE
	EndGlobalSection
	GlobalSection(NestedProjects) = preSolution
		{C58356FF-E157-4F39-9E50-2AC8F42EF35E} = {9C551EC6-3FBC-4144-9D8E-D7C8AE16B33A}
		{21DFFA1B-7C93-4708-9C60-BA919378C0F9} = {C58356FF-E157-4F39-9E50-2AC8F42EF35E}
		{BB4E3CEB-C2AF-4047-92F5-D17722C849F0} = {9C551EC6-3FBC-4144-9D8E-D7C8AE16B33A}
		{68E4B38F-6815-4199-A6A5-0638572A9131} = {BB4E3CEB-C2AF-4047-92F5-D17722C849F0}
		{C6389DE1-0C06-4535-A3D6-C71B86919557} = {BB4E3CEB-C2AF-4047-92F5-D17722C849F0}
		{14CDEC1E-C7A0-4197-A741-28D207D1712F} = {9C551EC6-3FBC-4144-9D8E-D7C8AE16B33A}
		{57B5EC84-BDEB-44D9-A708-D3F6BA25950B} = {14CDEC1E-C7A0-4197-A741-28D207D1712F}
		{025EE407-8B1B-4ACD-86F9-0CA6FDC4CC75} = {14CDEC1E-C7A0-4197-A741-28D207D1712F}
		{90CE36B7-6BC9-4B5C-9B91-63186D017319} = {62A10A85-C6F8-4E80-A931-4E30F38CEE54}
		{C97D9D7F-F1E5-43DD-B791-49999398FE83} = {62A10A85-C6F8-4E80-A931-4E30F38CEE54}
		{318A2494-B544-4290-9ED7-466C5E57DB6C} = {C97D9D7F-F1E5-43DD-B791-49999398FE83}
		{733FBC91-E318-466B-95F0-5C5402550A74} = {90CE36B7-6BC9-4B5C-9B91-63186D017319}
		{CE5E379C-9A8E-4C4A-B219-F605E4C0542E} = {62A10A85-C6F8-4E80-A931-4E30F38CEE54}
		{854FF212-4672-4BFB-85D0-0229F03D3F27} = {CE5E379C-9A8E-4C4A-B219-F605E4C0542E}
		{98616189-4984-4FE0-B4CB-E3B08CE9A098} = {CE5E379C-9A8E-4C4A-B219-F605E4C0542E}
		{F6816507-04D2-4F77-BCB5-7B2FC26CF520} = {90CE36B7-6BC9-4B5C-9B91-63186D017319}
	EndGlobalSection
	GlobalSection(ExtensibilityGlobals) = postSolution
		SolutionGuid = {54B8447D-B7A7-4CB0-A7A4-A6DBF3D6AAC7}
	EndGlobalSection
EndGlobal
