
Microsoft Visual Studio Solution File, Format Version 12.00
# Visual Studio Version 17
VisualStudioVersion = 17.8.34408.163
MinimumVisualStudioVersion = 10.0.40219.1
Project("{2150E333-8FDC-42A3-9474-1A3956D46DE8}") = "ShopManagement", "ShopManagement", "{9C551EC6-3FBC-4144-9D8E-D7C8AE16B33A}"
EndProject
Project("{2150E333-8FDC-42A3-9474-1A3956D46DE8}") = "SM.Domain", "SM.Domain", "{C58356FF-E157-4F39-9E50-2AC8F42EF35E}"
EndProject
Project("{9A19103F-16F7-4668-BE54-9A1E7A4F7556}") = "ShopManagement.Domain", "ShopManagement.Domain\ShopManagement.Domain.csproj", "{21DFFA1B-7C93-4708-9C60-BA919378C0F9}"
EndProject
Project("{9A19103F-16F7-4668-BE54-9A1E7A4F7556}") = "0_Framework", "0-Framework\0_Framework.csproj", "{917DE4C3-CB77-4548-9508-2632434DF87D}"
EndProject
Project("{2150E333-8FDC-42A3-9474-1A3956D46DE8}") = "SM.Application", "SM.Application", "{BB4E3CEB-C2AF-4047-92F5-D17722C849F0}"
EndProject
Project("{9A19103F-16F7-4668-BE54-9A1E7A4F7556}") = "ShopManagement.ApplicationContract", "ShopManagement.ApplicationContract\ShopManagement.ApplicationContract.csproj", "{68E4B38F-6815-4199-A6A5-0638572A9131}"
EndProject
Project("{9A19103F-16F7-4668-BE54-9A1E7A4F7556}") = "ShopManagement.Application", "ShopManagement.Application\ShopManagement.Application.csproj", "{C6389DE1-0C06-4535-A3D6-C71B86919557}"
EndProject
Project("{2150E333-8FDC-42A3-9474-1A3956D46DE8}") = "SM.Infrastructure", "SM.Infrastructure", "{14CDEC1E-C7A0-4197-A741-28D207D1712F}"
EndProject
Project("{9A19103F-16F7-4668-BE54-9A1E7A4F7556}") = "ShopManagement.Infrastracture.EFCore", "ShopManagement.Infrastracture.EFCore\ShopManagement.Infrastracture.EFCore.csproj", "{57B5EC84-BDEB-44D9-A708-D3F6BA25950B}"
EndProject
Project("{9A19103F-16F7-4668-BE54-9A1E7A4F7556}") = "ShopManagement.Configuration", "ShopManagement.Configuration\ShopManagement.Configuration.csproj", "{025EE407-8B1B-4ACD-86F9-0CA6FDC4CC75}"
EndProject
Project("{9A19103F-16F7-4668-BE54-9A1E7A4F7556}") = "ServiceHost", "ServiceHost\ServiceHost.csproj", "{06BF7B92-A3C8-4D2D-8CE0-E63C5045BBEA}"
EndProject
Project("{9A19103F-16F7-4668-BE54-9A1E7A4F7556}") = "01_ShopQuery", "01_ShopQuery\01_ShopQuery.csproj", "{C09FF08B-137F-40A3-A204-1BFA0DED5048}"
EndProject
Project("{2150E333-8FDC-42A3-9474-1A3956D46DE8}") = "DiscountMangement", "DiscountMangement", "{62A10A85-C6F8-4E80-A931-4E30F38CEE54}"
EndProject
Project("{2150E333-8FDC-42A3-9474-1A3956D46DE8}") = "DM.Application", "DM.Application", "{90CE36B7-6BC9-4B5C-9B91-63186D017319}"
EndProject
Project("{2150E333-8FDC-42A3-9474-1A3956D46DE8}") = "DM.Domain", "DM.Domain", "{C97D9D7F-F1E5-43DD-B791-49999398FE83}"
EndProject
Project("{9A19103F-16F7-4668-BE54-9A1E7A4F7556}") = "DiscountManagement.Domain", "DiscountManagement.Domain\DiscountManagement.Domain.csproj", "{318A2494-B544-4290-9ED7-466C5E57DB6C}"
EndProject
Project("{9A19103F-16F7-4668-BE54-9A1E7A4F7556}") = "DiscountManagement.Application.Contract", "DiscountManagement.Application.Contract\DiscountManagement.Application.Contract.csproj", "{733FBC91-E318-466B-95F0-5C5402550A74}"
EndProject
Project("{2150E333-8FDC-42A3-9474-1A3956D46DE8}") = "DM.Infrastracture", "DM.Infrastracture", "{CE5E379C-9A8E-4C4A-B219-F605E4C0542E}"
EndProject
Project("{9A19103F-16F7-4668-BE54-9A1E7A4F7556}") = "DiscountManagement.Infrastructure.EFCore", "DiscountManagement.Infrastructure.EFCore\DiscountManagement.Infrastructure.EFCore.csproj", "{854FF212-4672-4BFB-85D0-0229F03D3F27}"
EndProject
Project("{9A19103F-16F7-4668-BE54-9A1E7A4F7556}") = "DiscountManagement.configuration", "DiscountManagement.configuration\DiscountManagement.configuration.csproj", "{98616189-4984-4FE0-B4CB-E3B08CE9A098}"
EndProject
Project("{9A19103F-16F7-4668-BE54-9A1E7A4F7556}") = "DiscountManagement.Application", "CustomerDiscount.Application\DiscountManagement.Application.csproj", "{F6816507-04D2-4F77-BCB5-7B2FC26CF520}"
EndProject
Project("{2150E333-8FDC-42A3-9474-1A3956D46DE8}") = "InventoryManagement", "InventoryManagement", "{3801B6BE-5758-4160-B9C7-7032A3348E22}"
EndProject
Project("{2150E333-8FDC-42A3-9474-1A3956D46DE8}") = "IM.Domain", "IM.Domain", "{7E75B9CC-2276-457E-8B31-B993AD3D4B3B}"
EndProject
Project("{2150E333-8FDC-42A3-9474-1A3956D46DE8}") = "IM.Application", "IM.Application", "{1ED62D66-8ECB-451B-92DB-26ED31A54668}"
EndProject
Project("{2150E333-8FDC-42A3-9474-1A3956D46DE8}") = "IM.Infrastructure", "IM.Infrastructure", "{FDB2BE4F-3D1C-4A55-9086-F9DF196EBE27}"
EndProject
Project("{9A19103F-16F7-4668-BE54-9A1E7A4F7556}") = "InventoryManagement.Domain", "InventoryManagement.Domain\InventoryManagement.Domain.csproj", "{6A6E0EBE-ACAA-487B-990D-F19D7EC1399E}"
EndProject
Project("{9A19103F-16F7-4668-BE54-9A1E7A4F7556}") = "InventoryManagement.Application", "InventoryManagement.Application\InventoryManagement.Application.csproj", "{2D7F4034-4FD3-45E8-9ADB-98D78333FC02}"
EndProject
Project("{9A19103F-16F7-4668-BE54-9A1E7A4F7556}") = "InventoryManagement.ApplicationContract", "InventoryManagement.ApplicationContract\InventoryManagement.ApplicationContract.csproj", "{A76CCAEC-723F-437E-BE21-F426C7240176}"
EndProject
Project("{9A19103F-16F7-4668-BE54-9A1E7A4F7556}") = "InventoryManagement.InfrastructureEFCore", "InventoryManagement.InfrastructureEFCore\InventoryManagement.InfrastructureEFCore.csproj", "{AA94ECBD-F120-4C19-ADBF-F38F153F6ABD}"
EndProject
Project("{9A19103F-16F7-4668-BE54-9A1E7A4F7556}") = "InventoryManagement.Configuration", "InventoryManagement.Configuration\InventoryManagement.Configuration.csproj", "{E73D1E28-EB0A-468C-B1BA-0E9AB283BA2D}"
EndProject
Project("{2150E333-8FDC-42A3-9474-1A3956D46DE8}") = "BlogManagement", "BlogManagement", "{ED5AF223-43E4-4B8B-923B-1533CFC70BE4}"
EndProject
Project("{2150E333-8FDC-42A3-9474-1A3956D46DE8}") = "BM.Domain", "BM.Domain", "{9B9431F3-BAEB-45A1-B326-B5C0E5F1BF66}"
EndProject
Project("{2150E333-8FDC-42A3-9474-1A3956D46DE8}") = "BM.Application", "BM.Application", "{357FD121-8423-46B9-8AE0-1935358187FE}"
EndProject
Project("{2150E333-8FDC-42A3-9474-1A3956D46DE8}") = "BM.Infrastructure", "BM.Infrastructure", "{6574EB6C-0131-4C59-AFE0-95982DAD4D5C}"
EndProject
Project("{9A19103F-16F7-4668-BE54-9A1E7A4F7556}") = "BlogManagement.Domain", "BlogManagement.Domain\BlogManagement.Domain.csproj", "{C98DC94E-2FDC-41DB-AC64-A93D216FA053}"
EndProject
Project("{9A19103F-16F7-4668-BE54-9A1E7A4F7556}") = "BlogManagement.Application", "BlogManagement.Application\BlogManagement.Application.csproj", "{F836A201-78ED-497D-A578-C85C63A15D43}"
EndProject
Project("{9A19103F-16F7-4668-BE54-9A1E7A4F7556}") = "BlogManagement.Application.Contract", "BlogManagement.ApplicationContract\BlogManagement.Application.Contract.csproj", "{625DCE42-FF14-4CE3-9E58-74DF127AD32C}"
EndProject
Project("{9A19103F-16F7-4668-BE54-9A1E7A4F7556}") = "BlogManagement.Infrastructure.EfCore", "BlogManagement.Infrastructure.EfCore\BlogManagement.Infrastructure.EfCore.csproj", "{664E517D-1D0A-48F5-AF00-7ECF12E7A676}"
EndProject
Project("{9A19103F-16F7-4668-BE54-9A1E7A4F7556}") = "BlogManagement.Configuration", "BlogManagement.Configuration\BlogManagement.Configuration.csproj", "{A7DE50C8-F2AA-416C-95C6-8065D9EC66C9}"
EndProject
Project("{2150E333-8FDC-42A3-9474-1A3956D46DE8}") = "CommentManagement", "CommentManagement", "{F1FB88CD-1B6E-4416-BE5A-11D7D2D33554}"
EndProject
Project("{2150E333-8FDC-42A3-9474-1A3956D46DE8}") = "CM.Domain", "CM.Domain", "{5F86AAAC-5B98-4D97-894D-1E8EDDB673C1}"
EndProject
Project("{2150E333-8FDC-42A3-9474-1A3956D46DE8}") = "CM.Application", "CM.Application", "{E48CE138-64D7-4DD8-A6E7-E25B58CF1A27}"
EndProject
Project("{2150E333-8FDC-42A3-9474-1A3956D46DE8}") = "CM.Infrastructure", "CM.Infrastructure", "{9F2658CA-80CD-4EF9-A5C3-1E89ABA77DCD}"
EndProject
Project("{9A19103F-16F7-4668-BE54-9A1E7A4F7556}") = "CommentManagement.Domain", "CommentManagement.Domain\CommentManagement.Domain.csproj", "{786D64A1-5F58-4E08-98E2-15AB3DAAC934}"
EndProject
Project("{9A19103F-16F7-4668-BE54-9A1E7A4F7556}") = "CommentManagement.Application", "CommentManagement.Application\CommentManagement.Application.csproj", "{D7AC9BDA-E4D0-4EEC-A0D6-70B962FE91A9}"
EndProject
Project("{9A19103F-16F7-4668-BE54-9A1E7A4F7556}") = "CommentManagement.Application.Contract", "CommentManagement.Application.Contract\CommentManagement.Application.Contract.csproj", "{03F7FEF3-C198-4903-B7EB-383789A069FF}"
EndProject
Project("{9A19103F-16F7-4668-BE54-9A1E7A4F7556}") = "CommentManagement.Configuration", "CommentMamagement.Configuration\CommentManagement.Configuration.csproj", "{3BB45438-CFA7-47D1-871C-879290EDC12C}"
EndProject
Project("{9A19103F-16F7-4668-BE54-9A1E7A4F7556}") = "CommentMamagement.Infrastructure.EFCore", "CommentMamagement.Configuration.EFCore\CommentMamagement.Infrastructure.EFCore.csproj", "{D154CA2A-4C46-4AF6-804B-30A5AB49A9C0}"
EndProject
Project("{2150E333-8FDC-42A3-9474-1A3956D46DE8}") = "AccountManagement", "AccountManagement", "{277293C7-FD7B-4E41-B7C2-42AF583156ED}"
EndProject
Project("{2150E333-8FDC-42A3-9474-1A3956D46DE8}") = "AM.Domain", "AM.Domain", "{C99B0159-CD5E-4474-B93A-A333FA744414}"
EndProject
Project("{9A19103F-16F7-4668-BE54-9A1E7A4F7556}") = "AccountManagement.Domain", "AccountManagement.Domain\AccountManagement.Domain.csproj", "{2030B829-64B3-41B1-8FE8-E77B7D4A1ECB}"
EndProject
Project("{2150E333-8FDC-42A3-9474-1A3956D46DE8}") = "AM.Application", "AM.Application", "{C24D32C2-7EB7-4A7B-9B84-787680D63AF5}"
EndProject
Project("{9A19103F-16F7-4668-BE54-9A1E7A4F7556}") = "AccountManagement.Application.Contract", "AccountManagement.Application.Contract\AccountManagement.Application.Contract.csproj", "{95CE6982-A616-49C8-B0B4-D8A5954A4F5E}"
EndProject
Project("{2150E333-8FDC-42A3-9474-1A3956D46DE8}") = "AM.Infrastructure", "AM.Infrastructure", "{01F8FB16-6230-41E3-904D-B3AFB1802A7C}"
EndProject
Project("{9A19103F-16F7-4668-BE54-9A1E7A4F7556}") = "AccountManagement.Infrastructure.EFCore", "AccountManagement.Infrastructure.EFCore\AccountManagement.Infrastructure.EFCore.csproj", "{74F722F4-DD1F-4C4D-B91A-FA93005292E5}"
EndProject
Project("{9A19103F-16F7-4668-BE54-9A1E7A4F7556}") = "AccountManagement.Configuration", "AccountManagement.Configuration\AccountManagement.Configuration.csproj", "{FD2C00D3-EF46-4358-A0E2-137D0BAB660A}"
EndProject
Project("{9A19103F-16F7-4668-BE54-9A1E7A4F7556}") = "AccountManagement.Application", "AccountManagement.Application\AccountManagement.Application.csproj", "{B12469FA-8518-45A3-8DCB-A5FD7F58E32B}"
EndProject
Project("{9A19103F-16F7-4668-BE54-9A1E7A4F7556}") = "ShopManagement.Infrastructure.InventoryAcl", "ShopManagement.Infrastructure.InventoryAcl\ShopManagement.Infrastructure.InventoryAcl.csproj", "{58F7605D-3082-44A0-A89A-784C6D0CA070}"
EndProject
Project("{2150E333-8FDC-42A3-9474-1A3956D46DE8}") = "SM.Presentation", "SM.Presentation", "{5A9D6BA2-592B-45BF-9390-96E9B52468E5}"
EndProject
Project("{9A19103F-16F7-4668-BE54-9A1E7A4F7556}") = "ShopManagement.Presentation.Api", "ShopManagement.Presentation.Api\ShopManagement.Presentation.Api.csproj", "{9B7CF613-0243-432E-9B9F-44D6C9B0B804}"
EndProject
Project("{2150E333-8FDC-42A3-9474-1A3956D46DE8}") = "IM.Presentation", "IM.Presentation", "{699C2F7A-EA64-4A19-B719-688554C79A15}"
EndProject
Project("{9A19103F-16F7-4668-BE54-9A1E7A4F7556}") = "InventoryManagement.Presentation.Api", "InventoryManagement.Presentation.Api\InventoryManagement.Presentation.Api.csproj", "{68A3741D-88D2-4637-93FA-83705D4D7ADB}"
EndProject
Project("{FAE04EC0-301F-11D3-BF4B-00C04F79EFBC}") = "ShopManagement.Infrastructure.AccountAcl", "ShopManagement.Infrastructure.AccountAcl\ShopManagement.Infrastructure.AccountAcl.csproj", "{01BFF7D1-C07E-4BD6-86B4-006BA445CD33}"
EndProject
Global
	GlobalSection(SolutionConfigurationPlatforms) = preSolution
		Debug|Any CPU = Debug|Any CPU
		Release|Any CPU = Release|Any CPU
	EndGlobalSection
	GlobalSection(ProjectConfigurationPlatforms) = postSolution
		{21DFFA1B-7C93-4708-9C60-BA919378C0F9}.Debug|Any CPU.ActiveCfg = Debug|Any CPU
		{21DFFA1B-7C93-4708-9C60-BA919378C0F9}.Debug|Any CPU.Build.0 = Debug|Any CPU
		{21DFFA1B-7C93-4708-9C60-BA919378C0F9}.Release|Any CPU.ActiveCfg = Release|Any CPU
		{21DFFA1B-7C93-4708-9C60-BA919378C0F9}.Release|Any CPU.Build.0 = Release|Any CPU
		{917DE4C3-CB77-4548-9508-2632434DF87D}.Debug|Any CPU.ActiveCfg = Debug|Any CPU
		{917DE4C3-CB77-4548-9508-2632434DF87D}.Debug|Any CPU.Build.0 = Debug|Any CPU
		{917DE4C3-CB77-4548-9508-2632434DF87D}.Release|Any CPU.ActiveCfg = Release|Any CPU
		{917DE4C3-CB77-4548-9508-2632434DF87D}.Release|Any CPU.Build.0 = Release|Any CPU
		{68E4B38F-6815-4199-A6A5-0638572A9131}.Debug|Any CPU.ActiveCfg = Debug|Any CPU
		{68E4B38F-6815-4199-A6A5-0638572A9131}.Debug|Any CPU.Build.0 = Debug|Any CPU
		{68E4B38F-6815-4199-A6A5-0638572A9131}.Release|Any CPU.ActiveCfg = Release|Any CPU
		{68E4B38F-6815-4199-A6A5-0638572A9131}.Release|Any CPU.Build.0 = Release|Any CPU
		{C6389DE1-0C06-4535-A3D6-C71B86919557}.Debug|Any CPU.ActiveCfg = Debug|Any CPU
		{C6389DE1-0C06-4535-A3D6-C71B86919557}.Debug|Any CPU.Build.0 = Debug|Any CPU
		{C6389DE1-0C06-4535-A3D6-C71B86919557}.Release|Any CPU.ActiveCfg = Release|Any CPU
		{C6389DE1-0C06-4535-A3D6-C71B86919557}.Release|Any CPU.Build.0 = Release|Any CPU
		{57B5EC84-BDEB-44D9-A708-D3F6BA25950B}.Debug|Any CPU.ActiveCfg = Debug|Any CPU
		{57B5EC84-BDEB-44D9-A708-D3F6BA25950B}.Debug|Any CPU.Build.0 = Debug|Any CPU
		{57B5EC84-BDEB-44D9-A708-D3F6BA25950B}.Release|Any CPU.ActiveCfg = Release|Any CPU
		{57B5EC84-BDEB-44D9-A708-D3F6BA25950B}.Release|Any CPU.Build.0 = Release|Any CPU
		{025EE407-8B1B-4ACD-86F9-0CA6FDC4CC75}.Debug|Any CPU.ActiveCfg = Debug|Any CPU
		{025EE407-8B1B-4ACD-86F9-0CA6FDC4CC75}.Debug|Any CPU.Build.0 = Debug|Any CPU
		{025EE407-8B1B-4ACD-86F9-0CA6FDC4CC75}.Release|Any CPU.ActiveCfg = Release|Any CPU
		{025EE407-8B1B-4ACD-86F9-0CA6FDC4CC75}.Release|Any CPU.Build.0 = Release|Any CPU
		{06BF7B92-A3C8-4D2D-8CE0-E63C5045BBEA}.Debug|Any CPU.ActiveCfg = Debug|Any CPU
		{06BF7B92-A3C8-4D2D-8CE0-E63C5045BBEA}.Debug|Any CPU.Build.0 = Debug|Any CPU
		{06BF7B92-A3C8-4D2D-8CE0-E63C5045BBEA}.Release|Any CPU.ActiveCfg = Release|Any CPU
		{06BF7B92-A3C8-4D2D-8CE0-E63C5045BBEA}.Release|Any CPU.Build.0 = Release|Any CPU
		{C09FF08B-137F-40A3-A204-1BFA0DED5048}.Debug|Any CPU.ActiveCfg = Debug|Any CPU
		{C09FF08B-137F-40A3-A204-1BFA0DED5048}.Debug|Any CPU.Build.0 = Debug|Any CPU
		{C09FF08B-137F-40A3-A204-1BFA0DED5048}.Release|Any CPU.ActiveCfg = Release|Any CPU
		{C09FF08B-137F-40A3-A204-1BFA0DED5048}.Release|Any CPU.Build.0 = Release|Any CPU
		{318A2494-B544-4290-9ED7-466C5E57DB6C}.Debug|Any CPU.ActiveCfg = Debug|Any CPU
		{318A2494-B544-4290-9ED7-466C5E57DB6C}.Debug|Any CPU.Build.0 = Debug|Any CPU
		{318A2494-B544-4290-9ED7-466C5E57DB6C}.Release|Any CPU.ActiveCfg = Release|Any CPU
		{318A2494-B544-4290-9ED7-466C5E57DB6C}.Release|Any CPU.Build.0 = Release|Any CPU
		{733FBC91-E318-466B-95F0-5C5402550A74}.Debug|Any CPU.ActiveCfg = Debug|Any CPU
		{733FBC91-E318-466B-95F0-5C5402550A74}.Debug|Any CPU.Build.0 = Debug|Any CPU
		{733FBC91-E318-466B-95F0-5C5402550A74}.Release|Any CPU.ActiveCfg = Release|Any CPU
		{733FBC91-E318-466B-95F0-5C5402550A74}.Release|Any CPU.Build.0 = Release|Any CPU
		{854FF212-4672-4BFB-85D0-0229F03D3F27}.Debug|Any CPU.ActiveCfg = Debug|Any CPU
		{854FF212-4672-4BFB-85D0-0229F03D3F27}.Debug|Any CPU.Build.0 = Debug|Any CPU
		{854FF212-4672-4BFB-85D0-0229F03D3F27}.Release|Any CPU.ActiveCfg = Release|Any CPU
		{854FF212-4672-4BFB-85D0-0229F03D3F27}.Release|Any CPU.Build.0 = Release|Any CPU
		{98616189-4984-4FE0-B4CB-E3B08CE9A098}.Debug|Any CPU.ActiveCfg = Debug|Any CPU
		{98616189-4984-4FE0-B4CB-E3B08CE9A098}.Debug|Any CPU.Build.0 = Debug|Any CPU
		{98616189-4984-4FE0-B4CB-E3B08CE9A098}.Release|Any CPU.ActiveCfg = Release|Any CPU
		{98616189-4984-4FE0-B4CB-E3B08CE9A098}.Release|Any CPU.Build.0 = Release|Any CPU
		{F6816507-04D2-4F77-BCB5-7B2FC26CF520}.Debug|Any CPU.ActiveCfg = Debug|Any CPU
		{F6816507-04D2-4F77-BCB5-7B2FC26CF520}.Debug|Any CPU.Build.0 = Debug|Any CPU
		{F6816507-04D2-4F77-BCB5-7B2FC26CF520}.Release|Any CPU.ActiveCfg = Release|Any CPU
		{F6816507-04D2-4F77-BCB5-7B2FC26CF520}.Release|Any CPU.Build.0 = Release|Any CPU
		{6A6E0EBE-ACAA-487B-990D-F19D7EC1399E}.Debug|Any CPU.ActiveCfg = Debug|Any CPU
		{6A6E0EBE-ACAA-487B-990D-F19D7EC1399E}.Debug|Any CPU.Build.0 = Debug|Any CPU
		{6A6E0EBE-ACAA-487B-990D-F19D7EC1399E}.Release|Any CPU.ActiveCfg = Release|Any CPU
		{6A6E0EBE-ACAA-487B-990D-F19D7EC1399E}.Release|Any CPU.Build.0 = Release|Any CPU
		{2D7F4034-4FD3-45E8-9ADB-98D78333FC02}.Debug|Any CPU.ActiveCfg = Debug|Any CPU
		{2D7F4034-4FD3-45E8-9ADB-98D78333FC02}.Debug|Any CPU.Build.0 = Debug|Any CPU
		{2D7F4034-4FD3-45E8-9ADB-98D78333FC02}.Release|Any CPU.ActiveCfg = Release|Any CPU
		{2D7F4034-4FD3-45E8-9ADB-98D78333FC02}.Release|Any CPU.Build.0 = Release|Any CPU
		{A76CCAEC-723F-437E-BE21-F426C7240176}.Debug|Any CPU.ActiveCfg = Debug|Any CPU
		{A76CCAEC-723F-437E-BE21-F426C7240176}.Debug|Any CPU.Build.0 = Debug|Any CPU
		{A76CCAEC-723F-437E-BE21-F426C7240176}.Release|Any CPU.ActiveCfg = Release|Any CPU
		{A76CCAEC-723F-437E-BE21-F426C7240176}.Release|Any CPU.Build.0 = Release|Any CPU
		{AA94ECBD-F120-4C19-ADBF-F38F153F6ABD}.Debug|Any CPU.ActiveCfg = Debug|Any CPU
		{AA94ECBD-F120-4C19-ADBF-F38F153F6ABD}.Debug|Any CPU.Build.0 = Debug|Any CPU
		{AA94ECBD-F120-4C19-ADBF-F38F153F6ABD}.Release|Any CPU.ActiveCfg = Release|Any CPU
		{AA94ECBD-F120-4C19-ADBF-F38F153F6ABD}.Release|Any CPU.Build.0 = Release|Any CPU
		{E73D1E28-EB0A-468C-B1BA-0E9AB283BA2D}.Debug|Any CPU.ActiveCfg = Debug|Any CPU
		{E73D1E28-EB0A-468C-B1BA-0E9AB283BA2D}.Debug|Any CPU.Build.0 = Debug|Any CPU
		{E73D1E28-EB0A-468C-B1BA-0E9AB283BA2D}.Release|Any CPU.ActiveCfg = Release|Any CPU
		{E73D1E28-EB0A-468C-B1BA-0E9AB283BA2D}.Release|Any CPU.Build.0 = Release|Any CPU
		{C98DC94E-2FDC-41DB-AC64-A93D216FA053}.Debug|Any CPU.ActiveCfg = Debug|Any CPU
		{C98DC94E-2FDC-41DB-AC64-A93D216FA053}.Debug|Any CPU.Build.0 = Debug|Any CPU
		{C98DC94E-2FDC-41DB-AC64-A93D216FA053}.Release|Any CPU.ActiveCfg = Release|Any CPU
		{C98DC94E-2FDC-41DB-AC64-A93D216FA053}.Release|Any CPU.Build.0 = Release|Any CPU
		{F836A201-78ED-497D-A578-C85C63A15D43}.Debug|Any CPU.ActiveCfg = Debug|Any CPU
		{F836A201-78ED-497D-A578-C85C63A15D43}.Debug|Any CPU.Build.0 = Debug|Any CPU
		{F836A201-78ED-497D-A578-C85C63A15D43}.Release|Any CPU.ActiveCfg = Release|Any CPU
		{F836A201-78ED-497D-A578-C85C63A15D43}.Release|Any CPU.Build.0 = Release|Any CPU
		{625DCE42-FF14-4CE3-9E58-74DF127AD32C}.Debug|Any CPU.ActiveCfg = Debug|Any CPU
		{625DCE42-FF14-4CE3-9E58-74DF127AD32C}.Debug|Any CPU.Build.0 = Debug|Any CPU
		{625DCE42-FF14-4CE3-9E58-74DF127AD32C}.Release|Any CPU.ActiveCfg = Release|Any CPU
		{625DCE42-FF14-4CE3-9E58-74DF127AD32C}.Release|Any CPU.Build.0 = Release|Any CPU
		{664E517D-1D0A-48F5-AF00-7ECF12E7A676}.Debug|Any CPU.ActiveCfg = Debug|Any CPU
		{664E517D-1D0A-48F5-AF00-7ECF12E7A676}.Debug|Any CPU.Build.0 = Debug|Any CPU
		{664E517D-1D0A-48F5-AF00-7ECF12E7A676}.Release|Any CPU.ActiveCfg = Release|Any CPU
		{664E517D-1D0A-48F5-AF00-7ECF12E7A676}.Release|Any CPU.Build.0 = Release|Any CPU
		{A7DE50C8-F2AA-416C-95C6-8065D9EC66C9}.Debug|Any CPU.ActiveCfg = Debug|Any CPU
		{A7DE50C8-F2AA-416C-95C6-8065D9EC66C9}.Debug|Any CPU.Build.0 = Debug|Any CPU
		{A7DE50C8-F2AA-416C-95C6-8065D9EC66C9}.Release|Any CPU.ActiveCfg = Release|Any CPU
		{A7DE50C8-F2AA-416C-95C6-8065D9EC66C9}.Release|Any CPU.Build.0 = Release|Any CPU
		{786D64A1-5F58-4E08-98E2-15AB3DAAC934}.Debug|Any CPU.ActiveCfg = Debug|Any CPU
		{786D64A1-5F58-4E08-98E2-15AB3DAAC934}.Debug|Any CPU.Build.0 = Debug|Any CPU
		{786D64A1-5F58-4E08-98E2-15AB3DAAC934}.Release|Any CPU.ActiveCfg = Release|Any CPU
		{786D64A1-5F58-4E08-98E2-15AB3DAAC934}.Release|Any CPU.Build.0 = Release|Any CPU
		{D7AC9BDA-E4D0-4EEC-A0D6-70B962FE91A9}.Debug|Any CPU.ActiveCfg = Debug|Any CPU
		{D7AC9BDA-E4D0-4EEC-A0D6-70B962FE91A9}.Debug|Any CPU.Build.0 = Debug|Any CPU
		{D7AC9BDA-E4D0-4EEC-A0D6-70B962FE91A9}.Release|Any CPU.ActiveCfg = Release|Any CPU
		{D7AC9BDA-E4D0-4EEC-A0D6-70B962FE91A9}.Release|Any CPU.Build.0 = Release|Any CPU
		{03F7FEF3-C198-4903-B7EB-383789A069FF}.Debug|Any CPU.ActiveCfg = Debug|Any CPU
		{03F7FEF3-C198-4903-B7EB-383789A069FF}.Debug|Any CPU.Build.0 = Debug|Any CPU
		{03F7FEF3-C198-4903-B7EB-383789A069FF}.Release|Any CPU.ActiveCfg = Release|Any CPU
		{03F7FEF3-C198-4903-B7EB-383789A069FF}.Release|Any CPU.Build.0 = Release|Any CPU
		{3BB45438-CFA7-47D1-871C-879290EDC12C}.Debug|Any CPU.ActiveCfg = Debug|Any CPU
		{3BB45438-CFA7-47D1-871C-879290EDC12C}.Debug|Any CPU.Build.0 = Debug|Any CPU
		{3BB45438-CFA7-47D1-871C-879290EDC12C}.Release|Any CPU.ActiveCfg = Release|Any CPU
		{3BB45438-CFA7-47D1-871C-879290EDC12C}.Release|Any CPU.Build.0 = Release|Any CPU
		{D154CA2A-4C46-4AF6-804B-30A5AB49A9C0}.Debug|Any CPU.ActiveCfg = Debug|Any CPU
		{D154CA2A-4C46-4AF6-804B-30A5AB49A9C0}.Debug|Any CPU.Build.0 = Debug|Any CPU
		{D154CA2A-4C46-4AF6-804B-30A5AB49A9C0}.Release|Any CPU.ActiveCfg = Release|Any CPU
		{D154CA2A-4C46-4AF6-804B-30A5AB49A9C0}.Release|Any CPU.Build.0 = Release|Any CPU
		{2030B829-64B3-41B1-8FE8-E77B7D4A1ECB}.Debug|Any CPU.ActiveCfg = Debug|Any CPU
		{2030B829-64B3-41B1-8FE8-E77B7D4A1ECB}.Debug|Any CPU.Build.0 = Debug|Any CPU
		{2030B829-64B3-41B1-8FE8-E77B7D4A1ECB}.Release|Any CPU.ActiveCfg = Release|Any CPU
		{2030B829-64B3-41B1-8FE8-E77B7D4A1ECB}.Release|Any CPU.Build.0 = Release|Any CPU
		{95CE6982-A616-49C8-B0B4-D8A5954A4F5E}.Debug|Any CPU.ActiveCfg = Debug|Any CPU
		{95CE6982-A616-49C8-B0B4-D8A5954A4F5E}.Debug|Any CPU.Build.0 = Debug|Any CPU
		{95CE6982-A616-49C8-B0B4-D8A5954A4F5E}.Release|Any CPU.ActiveCfg = Release|Any CPU
		{95CE6982-A616-49C8-B0B4-D8A5954A4F5E}.Release|Any CPU.Build.0 = Release|Any CPU
		{74F722F4-DD1F-4C4D-B91A-FA93005292E5}.Debug|Any CPU.ActiveCfg = Debug|Any CPU
		{74F722F4-DD1F-4C4D-B91A-FA93005292E5}.Debug|Any CPU.Build.0 = Debug|Any CPU
		{74F722F4-DD1F-4C4D-B91A-FA93005292E5}.Release|Any CPU.ActiveCfg = Release|Any CPU
		{74F722F4-DD1F-4C4D-B91A-FA93005292E5}.Release|Any CPU.Build.0 = Release|Any CPU
		{FD2C00D3-EF46-4358-A0E2-137D0BAB660A}.Debug|Any CPU.ActiveCfg = Debug|Any CPU
		{FD2C00D3-EF46-4358-A0E2-137D0BAB660A}.Debug|Any CPU.Build.0 = Debug|Any CPU
		{FD2C00D3-EF46-4358-A0E2-137D0BAB660A}.Release|Any CPU.ActiveCfg = Release|Any CPU
		{FD2C00D3-EF46-4358-A0E2-137D0BAB660A}.Release|Any CPU.Build.0 = Release|Any CPU
		{B12469FA-8518-45A3-8DCB-A5FD7F58E32B}.Debug|Any CPU.ActiveCfg = Debug|Any CPU
		{B12469FA-8518-45A3-8DCB-A5FD7F58E32B}.Debug|Any CPU.Build.0 = Debug|Any CPU
		{B12469FA-8518-45A3-8DCB-A5FD7F58E32B}.Release|Any CPU.ActiveCfg = Release|Any CPU
		{B12469FA-8518-45A3-8DCB-A5FD7F58E32B}.Release|Any CPU.Build.0 = Release|Any CPU
		{58F7605D-3082-44A0-A89A-784C6D0CA070}.Debug|Any CPU.ActiveCfg = Debug|Any CPU
		{58F7605D-3082-44A0-A89A-784C6D0CA070}.Debug|Any CPU.Build.0 = Debug|Any CPU
		{58F7605D-3082-44A0-A89A-784C6D0CA070}.Release|Any CPU.ActiveCfg = Release|Any CPU
		{58F7605D-3082-44A0-A89A-784C6D0CA070}.Release|Any CPU.Build.0 = Release|Any CPU
		{9B7CF613-0243-432E-9B9F-44D6C9B0B804}.Debug|Any CPU.ActiveCfg = Debug|Any CPU
		{9B7CF613-0243-432E-9B9F-44D6C9B0B804}.Debug|Any CPU.Build.0 = Debug|Any CPU
		{9B7CF613-0243-432E-9B9F-44D6C9B0B804}.Release|Any CPU.ActiveCfg = Release|Any CPU
		{9B7CF613-0243-432E-9B9F-44D6C9B0B804}.Release|Any CPU.Build.0 = Release|Any CPU
		{68A3741D-88D2-4637-93FA-83705D4D7ADB}.Debug|Any CPU.ActiveCfg = Debug|Any CPU
		{68A3741D-88D2-4637-93FA-83705D4D7ADB}.Debug|Any CPU.Build.0 = Debug|Any CPU
		{68A3741D-88D2-4637-93FA-83705D4D7ADB}.Release|Any CPU.ActiveCfg = Release|Any CPU
		{68A3741D-88D2-4637-93FA-83705D4D7ADB}.Release|Any CPU.Build.0 = Release|Any CPU
		{01BFF7D1-C07E-4BD6-86B4-006BA445CD33}.Debug|Any CPU.ActiveCfg = Debug|Any CPU
		{01BFF7D1-C07E-4BD6-86B4-006BA445CD33}.Debug|Any CPU.Build.0 = Debug|Any CPU
		{01BFF7D1-C07E-4BD6-86B4-006BA445CD33}.Release|Any CPU.ActiveCfg = Release|Any CPU
		{01BFF7D1-C07E-4BD6-86B4-006BA445CD33}.Release|Any CPU.Build.0 = Release|Any CPU
	EndGlobalSection
	GlobalSection(SolutionProperties) = preSolution
		HideSolutionNode = FALSE
	EndGlobalSection
	GlobalSection(NestedProjects) = preSolution
		{C58356FF-E157-4F39-9E50-2AC8F42EF35E} = {9C551EC6-3FBC-4144-9D8E-D7C8AE16B33A}
		{21DFFA1B-7C93-4708-9C60-BA919378C0F9} = {C58356FF-E157-4F39-9E50-2AC8F42EF35E}
		{BB4E3CEB-C2AF-4047-92F5-D17722C849F0} = {9C551EC6-3FBC-4144-9D8E-D7C8AE16B33A}
		{68E4B38F-6815-4199-A6A5-0638572A9131} = {BB4E3CEB-C2AF-4047-92F5-D17722C849F0}
		{C6389DE1-0C06-4535-A3D6-C71B86919557} = {BB4E3CEB-C2AF-4047-92F5-D17722C849F0}
		{14CDEC1E-C7A0-4197-A741-28D207D1712F} = {9C551EC6-3FBC-4144-9D8E-D7C8AE16B33A}
		{57B5EC84-BDEB-44D9-A708-D3F6BA25950B} = {14CDEC1E-C7A0-4197-A741-28D207D1712F}
		{025EE407-8B1B-4ACD-86F9-0CA6FDC4CC75} = {14CDEC1E-C7A0-4197-A741-28D207D1712F}
		{90CE36B7-6BC9-4B5C-9B91-63186D017319} = {62A10A85-C6F8-4E80-A931-4E30F38CEE54}
		{C97D9D7F-F1E5-43DD-B791-49999398FE83} = {62A10A85-C6F8-4E80-A931-4E30F38CEE54}
		{318A2494-B544-4290-9ED7-466C5E57DB6C} = {C97D9D7F-F1E5-43DD-B791-49999398FE83}
		{733FBC91-E318-466B-95F0-5C5402550A74} = {90CE36B7-6BC9-4B5C-9B91-63186D017319}
		{CE5E379C-9A8E-4C4A-B219-F605E4C0542E} = {62A10A85-C6F8-4E80-A931-4E30F38CEE54}
		{854FF212-4672-4BFB-85D0-0229F03D3F27} = {CE5E379C-9A8E-4C4A-B219-F605E4C0542E}
		{98616189-4984-4FE0-B4CB-E3B08CE9A098} = {CE5E379C-9A8E-4C4A-B219-F605E4C0542E}
		{F6816507-04D2-4F77-BCB5-7B2FC26CF520} = {90CE36B7-6BC9-4B5C-9B91-63186D017319}
		{7E75B9CC-2276-457E-8B31-B993AD3D4B3B} = {3801B6BE-5758-4160-B9C7-7032A3348E22}
		{1ED62D66-8ECB-451B-92DB-26ED31A54668} = {3801B6BE-5758-4160-B9C7-7032A3348E22}
		{FDB2BE4F-3D1C-4A55-9086-F9DF196EBE27} = {3801B6BE-5758-4160-B9C7-7032A3348E22}
		{6A6E0EBE-ACAA-487B-990D-F19D7EC1399E} = {7E75B9CC-2276-457E-8B31-B993AD3D4B3B}
		{2D7F4034-4FD3-45E8-9ADB-98D78333FC02} = {1ED62D66-8ECB-451B-92DB-26ED31A54668}
		{A76CCAEC-723F-437E-BE21-F426C7240176} = {1ED62D66-8ECB-451B-92DB-26ED31A54668}
		{AA94ECBD-F120-4C19-ADBF-F38F153F6ABD} = {FDB2BE4F-3D1C-4A55-9086-F9DF196EBE27}
		{E73D1E28-EB0A-468C-B1BA-0E9AB283BA2D} = {FDB2BE4F-3D1C-4A55-9086-F9DF196EBE27}
		{9B9431F3-BAEB-45A1-B326-B5C0E5F1BF66} = {ED5AF223-43E4-4B8B-923B-1533CFC70BE4}
		{357FD121-8423-46B9-8AE0-1935358187FE} = {ED5AF223-43E4-4B8B-923B-1533CFC70BE4}
		{6574EB6C-0131-4C59-AFE0-95982DAD4D5C} = {ED5AF223-43E4-4B8B-923B-1533CFC70BE4}
		{C98DC94E-2FDC-41DB-AC64-A93D216FA053} = {9B9431F3-BAEB-45A1-B326-B5C0E5F1BF66}
		{F836A201-78ED-497D-A578-C85C63A15D43} = {357FD121-8423-46B9-8AE0-1935358187FE}
		{625DCE42-FF14-4CE3-9E58-74DF127AD32C} = {357FD121-8423-46B9-8AE0-1935358187FE}
		{664E517D-1D0A-48F5-AF00-7ECF12E7A676} = {6574EB6C-0131-4C59-AFE0-95982DAD4D5C}
		{A7DE50C8-F2AA-416C-95C6-8065D9EC66C9} = {6574EB6C-0131-4C59-AFE0-95982DAD4D5C}
		{5F86AAAC-5B98-4D97-894D-1E8EDDB673C1} = {F1FB88CD-1B6E-4416-BE5A-11D7D2D33554}
		{E48CE138-64D7-4DD8-A6E7-E25B58CF1A27} = {F1FB88CD-1B6E-4416-BE5A-11D7D2D33554}
		{9F2658CA-80CD-4EF9-A5C3-1E89ABA77DCD} = {F1FB88CD-1B6E-4416-BE5A-11D7D2D33554}
		{786D64A1-5F58-4E08-98E2-15AB3DAAC934} = {5F86AAAC-5B98-4D97-894D-1E8EDDB673C1}
		{D7AC9BDA-E4D0-4EEC-A0D6-70B962FE91A9} = {E48CE138-64D7-4DD8-A6E7-E25B58CF1A27}
		{03F7FEF3-C198-4903-B7EB-383789A069FF} = {E48CE138-64D7-4DD8-A6E7-E25B58CF1A27}
		{3BB45438-CFA7-47D1-871C-879290EDC12C} = {9F2658CA-80CD-4EF9-A5C3-1E89ABA77DCD}
		{D154CA2A-4C46-4AF6-804B-30A5AB49A9C0} = {9F2658CA-80CD-4EF9-A5C3-1E89ABA77DCD}
		{C99B0159-CD5E-4474-B93A-A333FA744414} = {277293C7-FD7B-4E41-B7C2-42AF583156ED}
		{2030B829-64B3-41B1-8FE8-E77B7D4A1ECB} = {C99B0159-CD5E-4474-B93A-A333FA744414}
		{C24D32C2-7EB7-4A7B-9B84-787680D63AF5} = {277293C7-FD7B-4E41-B7C2-42AF583156ED}
		{95CE6982-A616-49C8-B0B4-D8A5954A4F5E} = {C24D32C2-7EB7-4A7B-9B84-787680D63AF5}
		{01F8FB16-6230-41E3-904D-B3AFB1802A7C} = {277293C7-FD7B-4E41-B7C2-42AF583156ED}
		{74F722F4-DD1F-4C4D-B91A-FA93005292E5} = {01F8FB16-6230-41E3-904D-B3AFB1802A7C}
		{FD2C00D3-EF46-4358-A0E2-137D0BAB660A} = {01F8FB16-6230-41E3-904D-B3AFB1802A7C}
		{B12469FA-8518-45A3-8DCB-A5FD7F58E32B} = {C24D32C2-7EB7-4A7B-9B84-787680D63AF5}
		{58F7605D-3082-44A0-A89A-784C6D0CA070} = {14CDEC1E-C7A0-4197-A741-28D207D1712F}
		{5A9D6BA2-592B-45BF-9390-96E9B52468E5} = {9C551EC6-3FBC-4144-9D8E-D7C8AE16B33A}
		{9B7CF613-0243-432E-9B9F-44D6C9B0B804} = {5A9D6BA2-592B-45BF-9390-96E9B52468E5}
		{699C2F7A-EA64-4A19-B719-688554C79A15} = {3801B6BE-5758-4160-B9C7-7032A3348E22}
		{68A3741D-88D2-4637-93FA-83705D4D7ADB} = {699C2F7A-EA64-4A19-B719-688554C79A15}
		{01BFF7D1-C07E-4BD6-86B4-006BA445CD33} = {14CDEC1E-C7A0-4197-A741-28D207D1712F}
	EndGlobalSection
	GlobalSection(ExtensibilityGlobals) = postSolution
		SolutionGuid = {54B8447D-B7A7-4CB0-A7A4-A6DBF3D6AAC7}
	EndGlobalSection
EndGlobal
